// !$*UTF8*$!
{
	archiveVersion = 1;
	classes = {
	};
	objectVersion = 50;
	objects = {

/* Begin PBXBuildFile section */
		840FD7C2211C2C7400584C6C /* AppDelegate.swift in Sources */ = {isa = PBXBuildFile; fileRef = 840FD7C1211C2C7400584C6C /* AppDelegate.swift */; };
		840FD7C4211C2C7400584C6C /* EventsViewController.swift in Sources */ = {isa = PBXBuildFile; fileRef = 840FD7C3211C2C7400584C6C /* EventsViewController.swift */; };
		840FD7CA211C2C7400584C6C /* EventViewer.xcdatamodeld in Sources */ = {isa = PBXBuildFile; fileRef = 840FD7C8211C2C7400584C6C /* EventViewer.xcdatamodeld */; };
		840FD7CC211C2C7600584C6C /* Assets.xcassets in Resources */ = {isa = PBXBuildFile; fileRef = 840FD7CB211C2C7600584C6C /* Assets.xcassets */; };
		840FD7CF211C2C7600584C6C /* LaunchScreen.storyboard in Resources */ = {isa = PBXBuildFile; fileRef = 840FD7CD211C2C7600584C6C /* LaunchScreen.storyboard */; };
		840FD7DA211C2C7600584C6C /* EventViewerTests.swift in Sources */ = {isa = PBXBuildFile; fileRef = 840FD7D9211C2C7600584C6C /* EventViewerTests.swift */; };
		840FD7E5211C2C7600584C6C /* EventViewerUITests.swift in Sources */ = {isa = PBXBuildFile; fileRef = 840FD7E4211C2C7600584C6C /* EventViewerUITests.swift */; };
		840FD7F9211C69B700584C6C /* MySessionManager.swift in Sources */ = {isa = PBXBuildFile; fileRef = 840FD7F8211C69B700584C6C /* MySessionManager.swift */; };
		840FD7FB211C69E900584C6C /* Session.swift in Sources */ = {isa = PBXBuildFile; fileRef = 840FD7FA211C69E900584C6C /* Session.swift */; };
		840FD7FD211C69F800584C6C /* Utilities.swift in Sources */ = {isa = PBXBuildFile; fileRef = 840FD7FC211C69F800584C6C /* Utilities.swift */; };
		840FD80C211D6E0100584C6C /* AttendeesViewController.swift in Sources */ = {isa = PBXBuildFile; fileRef = 840FD80B211D6E0100584C6C /* AttendeesViewController.swift */; };
		840FD82A2121B66100584C6C /* WorkInfo.swift in Sources */ = {isa = PBXBuildFile; fileRef = 840FD8232121B66100584C6C /* WorkInfo.swift */; };
		840FD82B2121B66100584C6C /* Restype.swift in Sources */ = {isa = PBXBuildFile; fileRef = 840FD8242121B66100584C6C /* Restype.swift */; };
		840FD82C2121B66100584C6C /* Answers.swift in Sources */ = {isa = PBXBuildFile; fileRef = 840FD8252121B66100584C6C /* Answers.swift */; };
		840FD82D2121B66100584C6C /* CheckinInfo.swift in Sources */ = {isa = PBXBuildFile; fileRef = 840FD8262121B66100584C6C /* CheckinInfo.swift */; };
		840FD82E2121B66100584C6C /* Transaction.swift in Sources */ = {isa = PBXBuildFile; fileRef = 840FD8272121B66100584C6C /* Transaction.swift */; };
		840FD82F2121B66100584C6C /* Atendees.swift in Sources */ = {isa = PBXBuildFile; fileRef = 840FD8282121B66100584C6C /* Atendees.swift */; };
		840FD8302121B66100584C6C /* Contact.swift in Sources */ = {isa = PBXBuildFile; fileRef = 840FD8292121B66100584C6C /* Contact.swift */; };
		840FD83C2122F33B00584C6C /* Event.swift in Sources */ = {isa = PBXBuildFile; fileRef = 840FD83B2122F33B00584C6C /* Event.swift */; };
		840FD83E2122F3FC00584C6C /* DBManager.swift in Sources */ = {isa = PBXBuildFile; fileRef = 840FD83D2122F3FC00584C6C /* DBManager.swift */; };
		840FD8412123051C00584C6C /* Events.swift in Sources */ = {isa = PBXBuildFile; fileRef = 840FD83F2123051C00584C6C /* Events.swift */; };
		840FD8422123051C00584C6C /* Group.swift in Sources */ = {isa = PBXBuildFile; fileRef = 840FD8402123051C00584C6C /* Group.swift */; };
		94307CB8702701264DC06AC4 /* Pods_EventViewerTests.framework in Frameworks */ = {isa = PBXBuildFile; fileRef = A0B0AE3A8AED6C85FDA5CEBE /* Pods_EventViewerTests.framework */; };
		CF7FC09FF2F45C840A1FD509 /* Pods_EventViewerUITests.framework in Frameworks */ = {isa = PBXBuildFile; fileRef = A479F46004A9D339AD3A0053 /* Pods_EventViewerUITests.framework */; };
		D6FC0E304EBDE41194F14061 /* Pods_EventViewer.framework in Frameworks */ = {isa = PBXBuildFile; fileRef = DC494826D895B3825A2D16D0 /* Pods_EventViewer.framework */; };
/* End PBXBuildFile section */

/* Begin PBXContainerItemProxy section */
		840FD7D6211C2C7600584C6C /* PBXContainerItemProxy */ = {
			isa = PBXContainerItemProxy;
			containerPortal = 840FD7B6211C2C7400584C6C /* Project object */;
			proxyType = 1;
			remoteGlobalIDString = 840FD7BD211C2C7400584C6C;
			remoteInfo = EventViewer;
		};
		840FD7E1211C2C7600584C6C /* PBXContainerItemProxy */ = {
			isa = PBXContainerItemProxy;
			containerPortal = 840FD7B6211C2C7400584C6C /* Project object */;
			proxyType = 1;
			remoteGlobalIDString = 840FD7BD211C2C7400584C6C;
			remoteInfo = EventViewer;
		};
/* End PBXContainerItemProxy section */

/* Begin PBXFileReference section */
		17FB889EE1FE7396638B4541 /* Pods-EventViewerTests.release.xcconfig */ = {isa = PBXFileReference; includeInIndex = 1; lastKnownFileType = text.xcconfig; name = "Pods-EventViewerTests.release.xcconfig"; path = "Pods/Target Support Files/Pods-EventViewerTests/Pods-EventViewerTests.release.xcconfig"; sourceTree = "<group>"; };
		642AF3CF949830C51CDD0FC2 /* Pods-EventViewerTests.debug.xcconfig */ = {isa = PBXFileReference; includeInIndex = 1; lastKnownFileType = text.xcconfig; name = "Pods-EventViewerTests.debug.xcconfig"; path = "Pods/Target Support Files/Pods-EventViewerTests/Pods-EventViewerTests.debug.xcconfig"; sourceTree = "<group>"; };
		7BE986307240591794EFD30A /* Pods-EventViewer.release.xcconfig */ = {isa = PBXFileReference; includeInIndex = 1; lastKnownFileType = text.xcconfig; name = "Pods-EventViewer.release.xcconfig"; path = "Pods/Target Support Files/Pods-EventViewer/Pods-EventViewer.release.xcconfig"; sourceTree = "<group>"; };
		840FD7BE211C2C7400584C6C /* EventViewer.app */ = {isa = PBXFileReference; explicitFileType = wrapper.application; includeInIndex = 0; path = EventViewer.app; sourceTree = BUILT_PRODUCTS_DIR; };
		840FD7C1211C2C7400584C6C /* AppDelegate.swift */ = {isa = PBXFileReference; lastKnownFileType = sourcecode.swift; path = AppDelegate.swift; sourceTree = "<group>"; };
		840FD7C3211C2C7400584C6C /* EventsViewController.swift */ = {isa = PBXFileReference; lastKnownFileType = sourcecode.swift; path = EventsViewController.swift; sourceTree = "<group>"; };
		840FD7C9211C2C7400584C6C /* EventViewer.xcdatamodel */ = {isa = PBXFileReference; lastKnownFileType = wrapper.xcdatamodel; path = EventViewer.xcdatamodel; sourceTree = "<group>"; };
		840FD7CB211C2C7600584C6C /* Assets.xcassets */ = {isa = PBXFileReference; lastKnownFileType = folder.assetcatalog; path = Assets.xcassets; sourceTree = "<group>"; };
		840FD7CE211C2C7600584C6C /* Base */ = {isa = PBXFileReference; lastKnownFileType = file.storyboard; name = Base; path = Base.lproj/LaunchScreen.storyboard; sourceTree = "<group>"; };
		840FD7D0211C2C7600584C6C /* Info.plist */ = {isa = PBXFileReference; lastKnownFileType = text.plist.xml; path = Info.plist; sourceTree = "<group>"; };
		840FD7D5211C2C7600584C6C /* EventViewerTests.xctest */ = {isa = PBXFileReference; explicitFileType = wrapper.cfbundle; includeInIndex = 0; path = EventViewerTests.xctest; sourceTree = BUILT_PRODUCTS_DIR; };
		840FD7D9211C2C7600584C6C /* EventViewerTests.swift */ = {isa = PBXFileReference; lastKnownFileType = sourcecode.swift; path = EventViewerTests.swift; sourceTree = "<group>"; };
		840FD7DB211C2C7600584C6C /* Info.plist */ = {isa = PBXFileReference; lastKnownFileType = text.plist.xml; path = Info.plist; sourceTree = "<group>"; };
		840FD7E0211C2C7600584C6C /* EventViewerUITests.xctest */ = {isa = PBXFileReference; explicitFileType = wrapper.cfbundle; includeInIndex = 0; path = EventViewerUITests.xctest; sourceTree = BUILT_PRODUCTS_DIR; };
		840FD7E4211C2C7600584C6C /* EventViewerUITests.swift */ = {isa = PBXFileReference; lastKnownFileType = sourcecode.swift; path = EventViewerUITests.swift; sourceTree = "<group>"; };
		840FD7E6211C2C7600584C6C /* Info.plist */ = {isa = PBXFileReference; lastKnownFileType = text.plist.xml; path = Info.plist; sourceTree = "<group>"; };
		840FD7F8211C69B700584C6C /* MySessionManager.swift */ = {isa = PBXFileReference; lastKnownFileType = sourcecode.swift; path = MySessionManager.swift; sourceTree = "<group>"; };
		840FD7FA211C69E900584C6C /* Session.swift */ = {isa = PBXFileReference; lastKnownFileType = sourcecode.swift; path = Session.swift; sourceTree = "<group>"; };
		840FD7FC211C69F800584C6C /* Utilities.swift */ = {isa = PBXFileReference; lastKnownFileType = sourcecode.swift; path = Utilities.swift; sourceTree = "<group>"; };
		840FD80B211D6E0100584C6C /* AttendeesViewController.swift */ = {isa = PBXFileReference; lastKnownFileType = sourcecode.swift; path = AttendeesViewController.swift; sourceTree = "<group>"; };
		840FD8232121B66100584C6C /* WorkInfo.swift */ = {isa = PBXFileReference; fileEncoding = 4; lastKnownFileType = sourcecode.swift; path = WorkInfo.swift; sourceTree = "<group>"; };
		840FD8242121B66100584C6C /* Restype.swift */ = {isa = PBXFileReference; fileEncoding = 4; lastKnownFileType = sourcecode.swift; path = Restype.swift; sourceTree = "<group>"; };
		840FD8252121B66100584C6C /* Answers.swift */ = {isa = PBXFileReference; fileEncoding = 4; lastKnownFileType = sourcecode.swift; path = Answers.swift; sourceTree = "<group>"; };
		840FD8262121B66100584C6C /* CheckinInfo.swift */ = {isa = PBXFileReference; fileEncoding = 4; lastKnownFileType = sourcecode.swift; path = CheckinInfo.swift; sourceTree = "<group>"; };
		840FD8272121B66100584C6C /* Transaction.swift */ = {isa = PBXFileReference; fileEncoding = 4; lastKnownFileType = sourcecode.swift; path = Transaction.swift; sourceTree = "<group>"; };
		840FD8282121B66100584C6C /* Atendees.swift */ = {isa = PBXFileReference; fileEncoding = 4; lastKnownFileType = sourcecode.swift; path = Atendees.swift; sourceTree = "<group>"; };
		840FD8292121B66100584C6C /* Contact.swift */ = {isa = PBXFileReference; fileEncoding = 4; lastKnownFileType = sourcecode.swift; path = Contact.swift; sourceTree = "<group>"; };
		840FD83B2122F33B00584C6C /* Event.swift */ = {isa = PBXFileReference; lastKnownFileType = sourcecode.swift; path = Event.swift; sourceTree = "<group>"; };
		840FD83D2122F3FC00584C6C /* DBManager.swift */ = {isa = PBXFileReference; lastKnownFileType = sourcecode.swift; path = DBManager.swift; sourceTree = "<group>"; };
		840FD83F2123051C00584C6C /* Events.swift */ = {isa = PBXFileReference; fileEncoding = 4; lastKnownFileType = sourcecode.swift; path = Events.swift; sourceTree = "<group>"; };
		840FD8402123051C00584C6C /* Group.swift */ = {isa = PBXFileReference; fileEncoding = 4; lastKnownFileType = sourcecode.swift; path = Group.swift; sourceTree = "<group>"; };
		921D66921C8D05CF418379CA /* Pods-EventViewerUITests.release.xcconfig */ = {isa = PBXFileReference; includeInIndex = 1; lastKnownFileType = text.xcconfig; name = "Pods-EventViewerUITests.release.xcconfig"; path = "Pods/Target Support Files/Pods-EventViewerUITests/Pods-EventViewerUITests.release.xcconfig"; sourceTree = "<group>"; };
		A0B0AE3A8AED6C85FDA5CEBE /* Pods_EventViewerTests.framework */ = {isa = PBXFileReference; explicitFileType = wrapper.framework; includeInIndex = 0; path = Pods_EventViewerTests.framework; sourceTree = BUILT_PRODUCTS_DIR; };
		A479F46004A9D339AD3A0053 /* Pods_EventViewerUITests.framework */ = {isa = PBXFileReference; explicitFileType = wrapper.framework; includeInIndex = 0; path = Pods_EventViewerUITests.framework; sourceTree = BUILT_PRODUCTS_DIR; };
		D5EB979B28AC8BCCEBB45718 /* Pods-EventViewer.debug.xcconfig */ = {isa = PBXFileReference; includeInIndex = 1; lastKnownFileType = text.xcconfig; name = "Pods-EventViewer.debug.xcconfig"; path = "Pods/Target Support Files/Pods-EventViewer/Pods-EventViewer.debug.xcconfig"; sourceTree = "<group>"; };
		DC494826D895B3825A2D16D0 /* Pods_EventViewer.framework */ = {isa = PBXFileReference; explicitFileType = wrapper.framework; includeInIndex = 0; path = Pods_EventViewer.framework; sourceTree = BUILT_PRODUCTS_DIR; };
		DCE888CF2B3D82ED14469F32 /* Pods-EventViewerUITests.debug.xcconfig */ = {isa = PBXFileReference; includeInIndex = 1; lastKnownFileType = text.xcconfig; name = "Pods-EventViewerUITests.debug.xcconfig"; path = "Pods/Target Support Files/Pods-EventViewerUITests/Pods-EventViewerUITests.debug.xcconfig"; sourceTree = "<group>"; };
/* End PBXFileReference section */

/* Begin PBXFrameworksBuildPhase section */
		840FD7BB211C2C7400584C6C /* Frameworks */ = {
			isa = PBXFrameworksBuildPhase;
			buildActionMask = 2147483647;
			files = (
				D6FC0E304EBDE41194F14061 /* Pods_EventViewer.framework in Frameworks */,
			);
			runOnlyForDeploymentPostprocessing = 0;
		};
		840FD7D2211C2C7600584C6C /* Frameworks */ = {
			isa = PBXFrameworksBuildPhase;
			buildActionMask = 2147483647;
			files = (
				94307CB8702701264DC06AC4 /* Pods_EventViewerTests.framework in Frameworks */,
			);
			runOnlyForDeploymentPostprocessing = 0;
		};
		840FD7DD211C2C7600584C6C /* Frameworks */ = {
			isa = PBXFrameworksBuildPhase;
			buildActionMask = 2147483647;
			files = (
				CF7FC09FF2F45C840A1FD509 /* Pods_EventViewerUITests.framework in Frameworks */,
			);
			runOnlyForDeploymentPostprocessing = 0;
		};
/* End PBXFrameworksBuildPhase section */

/* Begin PBXGroup section */
		06393FA2096D3DCE9C3C8AED /* Frameworks */ = {
			isa = PBXGroup;
			children = (
				DC494826D895B3825A2D16D0 /* Pods_EventViewer.framework */,
				A0B0AE3A8AED6C85FDA5CEBE /* Pods_EventViewerTests.framework */,
				A479F46004A9D339AD3A0053 /* Pods_EventViewerUITests.framework */,
			);
			name = Frameworks;
			sourceTree = "<group>";
		};
		840FD7B5211C2C7400584C6C = {
			isa = PBXGroup;
			children = (
				840FD7C0211C2C7400584C6C /* EventViewer */,
				840FD7D8211C2C7600584C6C /* EventViewerTests */,
				840FD7E3211C2C7600584C6C /* EventViewerUITests */,
				840FD7BF211C2C7400584C6C /* Products */,
				886B7670475BE80BC9229817 /* Pods */,
				06393FA2096D3DCE9C3C8AED /* Frameworks */,
			);
			sourceTree = "<group>";
		};
		840FD7BF211C2C7400584C6C /* Products */ = {
			isa = PBXGroup;
			children = (
				840FD7BE211C2C7400584C6C /* EventViewer.app */,
				840FD7D5211C2C7600584C6C /* EventViewerTests.xctest */,
				840FD7E0211C2C7600584C6C /* EventViewerUITests.xctest */,
			);
			name = Products;
			sourceTree = "<group>";
		};
		840FD7C0211C2C7400584C6C /* EventViewer */ = {
			isa = PBXGroup;
			children = (
				840FD7F7211C695100584C6C /* Proxy */,
				840FD7F6211C690C00584C6C /* Helpers */,
				840FD7F3211C68F000584C6C /* Models */,
				840FD7F4211C68FA00584C6C /* Views */,
				840FD7F5211C690000584C6C /* Controllers */,
				840FD7C1211C2C7400584C6C /* AppDelegate.swift */,
				840FD7D0211C2C7600584C6C /* Info.plist */,
				840FD7C8211C2C7400584C6C /* EventViewer.xcdatamodeld */,
				840FD7F2211C2D3000584C6C /* Supporting Files */,
			);
			path = EventViewer;
			sourceTree = "<group>";
		};
		840FD7D8211C2C7600584C6C /* EventViewerTests */ = {
			isa = PBXGroup;
			children = (
				840FD7D9211C2C7600584C6C /* EventViewerTests.swift */,
				840FD7DB211C2C7600584C6C /* Info.plist */,
			);
			path = EventViewerTests;
			sourceTree = "<group>";
		};
		840FD7E3211C2C7600584C6C /* EventViewerUITests */ = {
			isa = PBXGroup;
			children = (
				840FD7E4211C2C7600584C6C /* EventViewerUITests.swift */,
				840FD7E6211C2C7600584C6C /* Info.plist */,
			);
			path = EventViewerUITests;
			sourceTree = "<group>";
		};
		840FD7F2211C2D3000584C6C /* Supporting Files */ = {
			isa = PBXGroup;
			children = (
				840FD7CB211C2C7600584C6C /* Assets.xcassets */,
				840FD7CD211C2C7600584C6C /* LaunchScreen.storyboard */,
			);
			path = "Supporting Files";
			sourceTree = "<group>";
		};
		840FD7F3211C68F000584C6C /* Models */ = {
			isa = PBXGroup;
			children = (
				840FD8382122F2E000584C6C /* RealmDB */,
				840FD8222121B66100584C6C /* Attendees */,
				840FD7FE211C748400584C6C /* Events */,
			);
			path = Models;
			sourceTree = "<group>";
		};
		840FD7F4211C68FA00584C6C /* Views */ = {
			isa = PBXGroup;
			children = (
				840FD8332122C49B00584C6C /* Cells */,
			);
			path = Views;
			sourceTree = "<group>";
		};
		840FD7F5211C690000584C6C /* Controllers */ = {
			isa = PBXGroup;
			children = (
				840FD7C3211C2C7400584C6C /* EventsViewController.swift */,
				840FD80B211D6E0100584C6C /* AttendeesViewController.swift */,
			);
			path = Controllers;
			sourceTree = "<group>";
		};
		840FD7F6211C690C00584C6C /* Helpers */ = {
			isa = PBXGroup;
			children = (
				840FD7FA211C69E900584C6C /* Session.swift */,
				840FD7FC211C69F800584C6C /* Utilities.swift */,
			);
			path = Helpers;
			sourceTree = "<group>";
		};
		840FD7F7211C695100584C6C /* Proxy */ = {
			isa = PBXGroup;
			children = (
				840FD7F8211C69B700584C6C /* MySessionManager.swift */,
			);
			path = Proxy;
			sourceTree = "<group>";
		};
		840FD7FE211C748400584C6C /* Events */ = {
			isa = PBXGroup;
			children = (
				840FD83F2123051C00584C6C /* Events.swift */,
				840FD8402123051C00584C6C /* Group.swift */,
			);
			path = Events;
			sourceTree = "<group>";
		};
		840FD8222121B66100584C6C /* Attendees */ = {
			isa = PBXGroup;
			children = (
				840FD8232121B66100584C6C /* WorkInfo.swift */,
				840FD8242121B66100584C6C /* Restype.swift */,
				840FD8252121B66100584C6C /* Answers.swift */,
				840FD8262121B66100584C6C /* CheckinInfo.swift */,
				840FD8272121B66100584C6C /* Transaction.swift */,
				840FD8282121B66100584C6C /* Atendees.swift */,
				840FD8292121B66100584C6C /* Contact.swift */,
			);
			path = Attendees;
			sourceTree = "<group>";
		};
		840FD8332122C49B00584C6C /* Cells */ = {
			isa = PBXGroup;
			children = (
			);
			path = Cells;
			sourceTree = "<group>";
		};
		840FD8382122F2E000584C6C /* RealmDB */ = {
			isa = PBXGroup;
			children = (
				840FD83B2122F33B00584C6C /* Event.swift */,
				840FD83D2122F3FC00584C6C /* DBManager.swift */,
			);
			path = RealmDB;
			sourceTree = "<group>";
		};
		886B7670475BE80BC9229817 /* Pods */ = {
			isa = PBXGroup;
			children = (
				D5EB979B28AC8BCCEBB45718 /* Pods-EventViewer.debug.xcconfig */,
				7BE986307240591794EFD30A /* Pods-EventViewer.release.xcconfig */,
				642AF3CF949830C51CDD0FC2 /* Pods-EventViewerTests.debug.xcconfig */,
				17FB889EE1FE7396638B4541 /* Pods-EventViewerTests.release.xcconfig */,
				DCE888CF2B3D82ED14469F32 /* Pods-EventViewerUITests.debug.xcconfig */,
				921D66921C8D05CF418379CA /* Pods-EventViewerUITests.release.xcconfig */,
			);
			name = Pods;
			sourceTree = "<group>";
		};
/* End PBXGroup section */

/* Begin PBXNativeTarget section */
		840FD7BD211C2C7400584C6C /* EventViewer */ = {
			isa = PBXNativeTarget;
			buildConfigurationList = 840FD7E9211C2C7600584C6C /* Build configuration list for PBXNativeTarget "EventViewer" */;
			buildPhases = (
				7F7AB9F9BE6C0B6B979AF5C6 /* [CP] Check Pods Manifest.lock */,
				840FD7BA211C2C7400584C6C /* Sources */,
				840FD7BB211C2C7400584C6C /* Frameworks */,
				840FD7BC211C2C7400584C6C /* Resources */,
				A290DA3AA1F17ABCD6879E91 /* [CP] Embed Pods Frameworks */,
			);
			buildRules = (
			);
			dependencies = (
			);
			name = EventViewer;
			productName = EventViewer;
			productReference = 840FD7BE211C2C7400584C6C /* EventViewer.app */;
			productType = "com.apple.product-type.application";
		};
		840FD7D4211C2C7600584C6C /* EventViewerTests */ = {
			isa = PBXNativeTarget;
			buildConfigurationList = 840FD7EC211C2C7600584C6C /* Build configuration list for PBXNativeTarget "EventViewerTests" */;
			buildPhases = (
				744F4BE17F344460F0993742 /* [CP] Check Pods Manifest.lock */,
				840FD7D1211C2C7600584C6C /* Sources */,
				840FD7D2211C2C7600584C6C /* Frameworks */,
				840FD7D3211C2C7600584C6C /* Resources */,
			);
			buildRules = (
			);
			dependencies = (
				840FD7D7211C2C7600584C6C /* PBXTargetDependency */,
			);
			name = EventViewerTests;
			productName = EventViewerTests;
			productReference = 840FD7D5211C2C7600584C6C /* EventViewerTests.xctest */;
			productType = "com.apple.product-type.bundle.unit-test";
		};
		840FD7DF211C2C7600584C6C /* EventViewerUITests */ = {
			isa = PBXNativeTarget;
			buildConfigurationList = 840FD7EF211C2C7600584C6C /* Build configuration list for PBXNativeTarget "EventViewerUITests" */;
			buildPhases = (
				84A5F73791061E59C6EDF321 /* [CP] Check Pods Manifest.lock */,
				840FD7DC211C2C7600584C6C /* Sources */,
				840FD7DD211C2C7600584C6C /* Frameworks */,
				840FD7DE211C2C7600584C6C /* Resources */,
			);
			buildRules = (
			);
			dependencies = (
				840FD7E2211C2C7600584C6C /* PBXTargetDependency */,
			);
			name = EventViewerUITests;
			productName = EventViewerUITests;
			productReference = 840FD7E0211C2C7600584C6C /* EventViewerUITests.xctest */;
			productType = "com.apple.product-type.bundle.ui-testing";
		};
/* End PBXNativeTarget section */

/* Begin PBXProject section */
		840FD7B6211C2C7400584C6C /* Project object */ = {
			isa = PBXProject;
			attributes = {
				LastSwiftUpdateCheck = 0940;
				LastUpgradeCheck = 0940;
				ORGANIZATIONNAME = "Magiclamp Games";
				TargetAttributes = {
					840FD7BD211C2C7400584C6C = {
						CreatedOnToolsVersion = 9.4.1;
					};
					840FD7D4211C2C7600584C6C = {
						CreatedOnToolsVersion = 9.4.1;
						TestTargetID = 840FD7BD211C2C7400584C6C;
					};
					840FD7DF211C2C7600584C6C = {
						CreatedOnToolsVersion = 9.4.1;
						TestTargetID = 840FD7BD211C2C7400584C6C;
					};
				};
			};
			buildConfigurationList = 840FD7B9211C2C7400584C6C /* Build configuration list for PBXProject "EventViewer" */;
			compatibilityVersion = "Xcode 9.3";
			developmentRegion = en;
			hasScannedForEncodings = 0;
			knownRegions = (
				en,
				Base,
			);
			mainGroup = 840FD7B5211C2C7400584C6C;
			productRefGroup = 840FD7BF211C2C7400584C6C /* Products */;
			projectDirPath = "";
			projectRoot = "";
			targets = (
				840FD7BD211C2C7400584C6C /* EventViewer */,
				840FD7D4211C2C7600584C6C /* EventViewerTests */,
				840FD7DF211C2C7600584C6C /* EventViewerUITests */,
			);
		};
/* End PBXProject section */

/* Begin PBXResourcesBuildPhase section */
		840FD7BC211C2C7400584C6C /* Resources */ = {
			isa = PBXResourcesBuildPhase;
			buildActionMask = 2147483647;
			files = (
				840FD7CF211C2C7600584C6C /* LaunchScreen.storyboard in Resources */,
				840FD7CC211C2C7600584C6C /* Assets.xcassets in Resources */,
			);
			runOnlyForDeploymentPostprocessing = 0;
		};
		840FD7D3211C2C7600584C6C /* Resources */ = {
			isa = PBXResourcesBuildPhase;
			buildActionMask = 2147483647;
			files = (
			);
			runOnlyForDeploymentPostprocessing = 0;
		};
		840FD7DE211C2C7600584C6C /* Resources */ = {
			isa = PBXResourcesBuildPhase;
			buildActionMask = 2147483647;
			files = (
			);
			runOnlyForDeploymentPostprocessing = 0;
		};
/* End PBXResourcesBuildPhase section */

/* Begin PBXShellScriptBuildPhase section */
		744F4BE17F344460F0993742 /* [CP] Check Pods Manifest.lock */ = {
			isa = PBXShellScriptBuildPhase;
			buildActionMask = 2147483647;
			files = (
			);
			inputPaths = (
				"${PODS_PODFILE_DIR_PATH}/Podfile.lock",
				"${PODS_ROOT}/Manifest.lock",
			);
			name = "[CP] Check Pods Manifest.lock";
			outputPaths = (
				"$(DERIVED_FILE_DIR)/Pods-EventViewerTests-checkManifestLockResult.txt",
			);
			runOnlyForDeploymentPostprocessing = 0;
			shellPath = /bin/sh;
			shellScript = "diff \"${PODS_PODFILE_DIR_PATH}/Podfile.lock\" \"${PODS_ROOT}/Manifest.lock\" > /dev/null\nif [ $? != 0 ] ; then\n    # print error to STDERR\n    echo \"error: The sandbox is not in sync with the Podfile.lock. Run 'pod install' or update your CocoaPods installation.\" >&2\n    exit 1\nfi\n# This output is used by Xcode 'outputs' to avoid re-running this script phase.\necho \"SUCCESS\" > \"${SCRIPT_OUTPUT_FILE_0}\"\n";
			showEnvVarsInLog = 0;
		};
		7F7AB9F9BE6C0B6B979AF5C6 /* [CP] Check Pods Manifest.lock */ = {
			isa = PBXShellScriptBuildPhase;
			buildActionMask = 2147483647;
			files = (
			);
			inputPaths = (
				"${PODS_PODFILE_DIR_PATH}/Podfile.lock",
				"${PODS_ROOT}/Manifest.lock",
			);
			name = "[CP] Check Pods Manifest.lock";
			outputPaths = (
				"$(DERIVED_FILE_DIR)/Pods-EventViewer-checkManifestLockResult.txt",
			);
			runOnlyForDeploymentPostprocessing = 0;
			shellPath = /bin/sh;
			shellScript = "diff \"${PODS_PODFILE_DIR_PATH}/Podfile.lock\" \"${PODS_ROOT}/Manifest.lock\" > /dev/null\nif [ $? != 0 ] ; then\n    # print error to STDERR\n    echo \"error: The sandbox is not in sync with the Podfile.lock. Run 'pod install' or update your CocoaPods installation.\" >&2\n    exit 1\nfi\n# This output is used by Xcode 'outputs' to avoid re-running this script phase.\necho \"SUCCESS\" > \"${SCRIPT_OUTPUT_FILE_0}\"\n";
			showEnvVarsInLog = 0;
		};
		84A5F73791061E59C6EDF321 /* [CP] Check Pods Manifest.lock */ = {
			isa = PBXShellScriptBuildPhase;
			buildActionMask = 2147483647;
			files = (
			);
			inputPaths = (
				"${PODS_PODFILE_DIR_PATH}/Podfile.lock",
				"${PODS_ROOT}/Manifest.lock",
			);
			name = "[CP] Check Pods Manifest.lock";
			outputPaths = (
				"$(DERIVED_FILE_DIR)/Pods-EventViewerUITests-checkManifestLockResult.txt",
			);
			runOnlyForDeploymentPostprocessing = 0;
			shellPath = /bin/sh;
			shellScript = "diff \"${PODS_PODFILE_DIR_PATH}/Podfile.lock\" \"${PODS_ROOT}/Manifest.lock\" > /dev/null\nif [ $? != 0 ] ; then\n    # print error to STDERR\n    echo \"error: The sandbox is not in sync with the Podfile.lock. Run 'pod install' or update your CocoaPods installation.\" >&2\n    exit 1\nfi\n# This output is used by Xcode 'outputs' to avoid re-running this script phase.\necho \"SUCCESS\" > \"${SCRIPT_OUTPUT_FILE_0}\"\n";
			showEnvVarsInLog = 0;
		};
		A290DA3AA1F17ABCD6879E91 /* [CP] Embed Pods Frameworks */ = {
			isa = PBXShellScriptBuildPhase;
			buildActionMask = 2147483647;
			files = (
			);
			inputPaths = (
				"${SRCROOT}/Pods/Target Support Files/Pods-EventViewer/Pods-EventViewer-frameworks.sh",
				"${BUILT_PRODUCTS_DIR}/Alamofire/Alamofire.framework",
				"${BUILT_PRODUCTS_DIR}/ObjectMapper/ObjectMapper.framework",
				"${BUILT_PRODUCTS_DIR}/PagedArray/PagedArray.framework",
				"${BUILT_PRODUCTS_DIR}/Realm/Realm.framework",
				"${BUILT_PRODUCTS_DIR}/RealmSwift/RealmSwift.framework",
				"${BUILT_PRODUCTS_DIR}/SVProgressHUD/SVProgressHUD.framework",
				"${BUILT_PRODUCTS_DIR}/SnapKit/SnapKit.framework",
				"${BUILT_PRODUCTS_DIR}/SwiftyJSON/SwiftyJSON.framework",
			);
			name = "[CP] Embed Pods Frameworks";
			outputPaths = (
				"${TARGET_BUILD_DIR}/${FRAMEWORKS_FOLDER_PATH}/Alamofire.framework",
				"${TARGET_BUILD_DIR}/${FRAMEWORKS_FOLDER_PATH}/ObjectMapper.framework",
				"${TARGET_BUILD_DIR}/${FRAMEWORKS_FOLDER_PATH}/PagedArray.framework",
				"${TARGET_BUILD_DIR}/${FRAMEWORKS_FOLDER_PATH}/Realm.framework",
				"${TARGET_BUILD_DIR}/${FRAMEWORKS_FOLDER_PATH}/RealmSwift.framework",
				"${TARGET_BUILD_DIR}/${FRAMEWORKS_FOLDER_PATH}/SVProgressHUD.framework",
				"${TARGET_BUILD_DIR}/${FRAMEWORKS_FOLDER_PATH}/SnapKit.framework",
				"${TARGET_BUILD_DIR}/${FRAMEWORKS_FOLDER_PATH}/SwiftyJSON.framework",
			);
			runOnlyForDeploymentPostprocessing = 0;
			shellPath = /bin/sh;
			shellScript = "\"${SRCROOT}/Pods/Target Support Files/Pods-EventViewer/Pods-EventViewer-frameworks.sh\"\n";
			showEnvVarsInLog = 0;
		};
/* End PBXShellScriptBuildPhase section */

/* Begin PBXSourcesBuildPhase section */
		840FD7BA211C2C7400584C6C /* Sources */ = {
			isa = PBXSourcesBuildPhase;
			buildActionMask = 2147483647;
			files = (
				840FD82D2121B66100584C6C /* CheckinInfo.swift in Sources */,
				840FD8302121B66100584C6C /* Contact.swift in Sources */,
				840FD82F2121B66100584C6C /* Atendees.swift in Sources */,
				840FD82C2121B66100584C6C /* Answers.swift in Sources */,
				840FD7FD211C69F800584C6C /* Utilities.swift in Sources */,
				840FD7FB211C69E900584C6C /* Session.swift in Sources */,
				840FD82B2121B66100584C6C /* Restype.swift in Sources */,
				840FD80C211D6E0100584C6C /* AttendeesViewController.swift in Sources */,
				840FD83C2122F33B00584C6C /* Event.swift in Sources */,
				840FD8422123051C00584C6C /* Group.swift in Sources */,
				840FD7C4211C2C7400584C6C /* EventsViewController.swift in Sources */,
				840FD7CA211C2C7400584C6C /* EventViewer.xcdatamodeld in Sources */,
				840FD7F9211C69B700584C6C /* MySessionManager.swift in Sources */,
				840FD82A2121B66100584C6C /* WorkInfo.swift in Sources */,
				840FD7C2211C2C7400584C6C /* AppDelegate.swift in Sources */,
				840FD8412123051C00584C6C /* Events.swift in Sources */,
				840FD83E2122F3FC00584C6C /* DBManager.swift in Sources */,
				840FD82E2121B66100584C6C /* Transaction.swift in Sources */,
			);
			runOnlyForDeploymentPostprocessing = 0;
		};
		840FD7D1211C2C7600584C6C /* Sources */ = {
			isa = PBXSourcesBuildPhase;
			buildActionMask = 2147483647;
			files = (
				840FD7DA211C2C7600584C6C /* EventViewerTests.swift in Sources */,
			);
			runOnlyForDeploymentPostprocessing = 0;
		};
		840FD7DC211C2C7600584C6C /* Sources */ = {
			isa = PBXSourcesBuildPhase;
			buildActionMask = 2147483647;
			files = (
				840FD7E5211C2C7600584C6C /* EventViewerUITests.swift in Sources */,
			);
			runOnlyForDeploymentPostprocessing = 0;
		};
/* End PBXSourcesBuildPhase section */

/* Begin PBXTargetDependency section */
		840FD7D7211C2C7600584C6C /* PBXTargetDependency */ = {
			isa = PBXTargetDependency;
			target = 840FD7BD211C2C7400584C6C /* EventViewer */;
			targetProxy = 840FD7D6211C2C7600584C6C /* PBXContainerItemProxy */;
		};
		840FD7E2211C2C7600584C6C /* PBXTargetDependency */ = {
			isa = PBXTargetDependency;
			target = 840FD7BD211C2C7400584C6C /* EventViewer */;
			targetProxy = 840FD7E1211C2C7600584C6C /* PBXContainerItemProxy */;
		};
/* End PBXTargetDependency section */

/* Begin PBXVariantGroup section */
		840FD7CD211C2C7600584C6C /* LaunchScreen.storyboard */ = {
			isa = PBXVariantGroup;
			children = (
				840FD7CE211C2C7600584C6C /* Base */,
			);
			name = LaunchScreen.storyboard;
			sourceTree = "<group>";
		};
/* End PBXVariantGroup section */

/* Begin XCBuildConfiguration section */
		840FD7E7211C2C7600584C6C /* Debug */ = {
			isa = XCBuildConfiguration;
			buildSettings = {
				ALWAYS_SEARCH_USER_PATHS = NO;
				CLANG_ANALYZER_NONNULL = YES;
				CLANG_ANALYZER_NUMBER_OBJECT_CONVERSION = YES_AGGRESSIVE;
				CLANG_CXX_LANGUAGE_STANDARD = "gnu++14";
				CLANG_CXX_LIBRARY = "libc++";
				CLANG_ENABLE_MODULES = YES;
				CLANG_ENABLE_OBJC_ARC = YES;
				CLANG_ENABLE_OBJC_WEAK = YES;
				CLANG_WARN_BLOCK_CAPTURE_AUTORELEASING = YES;
				CLANG_WARN_BOOL_CONVERSION = YES;
				CLANG_WARN_COMMA = YES;
				CLANG_WARN_CONSTANT_CONVERSION = YES;
				CLANG_WARN_DEPRECATED_OBJC_IMPLEMENTATIONS = YES;
				CLANG_WARN_DIRECT_OBJC_ISA_USAGE = YES_ERROR;
				CLANG_WARN_DOCUMENTATION_COMMENTS = YES;
				CLANG_WARN_EMPTY_BODY = YES;
				CLANG_WARN_ENUM_CONVERSION = YES;
				CLANG_WARN_INFINITE_RECURSION = YES;
				CLANG_WARN_INT_CONVERSION = YES;
				CLANG_WARN_NON_LITERAL_NULL_CONVERSION = YES;
				CLANG_WARN_OBJC_IMPLICIT_RETAIN_SELF = YES;
				CLANG_WARN_OBJC_LITERAL_CONVERSION = YES;
				CLANG_WARN_OBJC_ROOT_CLASS = YES_ERROR;
				CLANG_WARN_RANGE_LOOP_ANALYSIS = YES;
				CLANG_WARN_STRICT_PROTOTYPES = YES;
				CLANG_WARN_SUSPICIOUS_MOVE = YES;
				CLANG_WARN_UNGUARDED_AVAILABILITY = YES_AGGRESSIVE;
				CLANG_WARN_UNREACHABLE_CODE = YES;
				CLANG_WARN__DUPLICATE_METHOD_MATCH = YES;
				CODE_SIGN_IDENTITY = "iPhone Developer";
				COPY_PHASE_STRIP = NO;
				DEBUG_INFORMATION_FORMAT = dwarf;
				ENABLE_STRICT_OBJC_MSGSEND = YES;
				ENABLE_TESTABILITY = YES;
				GCC_C_LANGUAGE_STANDARD = gnu11;
				GCC_DYNAMIC_NO_PIC = NO;
				GCC_NO_COMMON_BLOCKS = YES;
				GCC_OPTIMIZATION_LEVEL = 0;
				GCC_PREPROCESSOR_DEFINITIONS = (
					"DEBUG=1",
					"$(inherited)",
				);
				GCC_WARN_64_TO_32_BIT_CONVERSION = YES;
				GCC_WARN_ABOUT_RETURN_TYPE = YES_ERROR;
				GCC_WARN_UNDECLARED_SELECTOR = YES;
				GCC_WARN_UNINITIALIZED_AUTOS = YES_AGGRESSIVE;
				GCC_WARN_UNUSED_FUNCTION = YES;
				GCC_WARN_UNUSED_VARIABLE = YES;
				IPHONEOS_DEPLOYMENT_TARGET = 11.4;
				MTL_ENABLE_DEBUG_INFO = YES;
				ONLY_ACTIVE_ARCH = YES;
				SDKROOT = iphoneos;
				SWIFT_ACTIVE_COMPILATION_CONDITIONS = DEBUG;
				SWIFT_OPTIMIZATION_LEVEL = "-Onone";
			};
			name = Debug;
		};
		840FD7E8211C2C7600584C6C /* Release */ = {
			isa = XCBuildConfiguration;
			buildSettings = {
				ALWAYS_SEARCH_USER_PATHS = NO;
				CLANG_ANALYZER_NONNULL = YES;
				CLANG_ANALYZER_NUMBER_OBJECT_CONVERSION = YES_AGGRESSIVE;
				CLANG_CXX_LANGUAGE_STANDARD = "gnu++14";
				CLANG_CXX_LIBRARY = "libc++";
				CLANG_ENABLE_MODULES = YES;
				CLANG_ENABLE_OBJC_ARC = YES;
				CLANG_ENABLE_OBJC_WEAK = YES;
				CLANG_WARN_BLOCK_CAPTURE_AUTORELEASING = YES;
				CLANG_WARN_BOOL_CONVERSION = YES;
				CLANG_WARN_COMMA = YES;
				CLANG_WARN_CONSTANT_CONVERSION = YES;
				CLANG_WARN_DEPRECATED_OBJC_IMPLEMENTATIONS = YES;
				CLANG_WARN_DIRECT_OBJC_ISA_USAGE = YES_ERROR;
				CLANG_WARN_DOCUMENTATION_COMMENTS = YES;
				CLANG_WARN_EMPTY_BODY = YES;
				CLANG_WARN_ENUM_CONVERSION = YES;
				CLANG_WARN_INFINITE_RECURSION = YES;
				CLANG_WARN_INT_CONVERSION = YES;
				CLANG_WARN_NON_LITERAL_NULL_CONVERSION = YES;
				CLANG_WARN_OBJC_IMPLICIT_RETAIN_SELF = YES;
				CLANG_WARN_OBJC_LITERAL_CONVERSION = YES;
				CLANG_WARN_OBJC_ROOT_CLASS = YES_ERROR;
				CLANG_WARN_RANGE_LOOP_ANALYSIS = YES;
				CLANG_WARN_STRICT_PROTOTYPES = YES;
				CLANG_WARN_SUSPICIOUS_MOVE = YES;
				CLANG_WARN_UNGUARDED_AVAILABILITY = YES_AGGRESSIVE;
				CLANG_WARN_UNREACHABLE_CODE = YES;
				CLANG_WARN__DUPLICATE_METHOD_MATCH = YES;
				CODE_SIGN_IDENTITY = "iPhone Developer";
				COPY_PHASE_STRIP = NO;
				DEBUG_INFORMATION_FORMAT = "dwarf-with-dsym";
				ENABLE_NS_ASSERTIONS = NO;
				ENABLE_STRICT_OBJC_MSGSEND = YES;
				GCC_C_LANGUAGE_STANDARD = gnu11;
				GCC_NO_COMMON_BLOCKS = YES;
				GCC_WARN_64_TO_32_BIT_CONVERSION = YES;
				GCC_WARN_ABOUT_RETURN_TYPE = YES_ERROR;
				GCC_WARN_UNDECLARED_SELECTOR = YES;
				GCC_WARN_UNINITIALIZED_AUTOS = YES_AGGRESSIVE;
				GCC_WARN_UNUSED_FUNCTION = YES;
				GCC_WARN_UNUSED_VARIABLE = YES;
				IPHONEOS_DEPLOYMENT_TARGET = 11.4;
				MTL_ENABLE_DEBUG_INFO = NO;
				SDKROOT = iphoneos;
				SWIFT_COMPILATION_MODE = wholemodule;
				SWIFT_OPTIMIZATION_LEVEL = "-O";
				VALIDATE_PRODUCT = YES;
			};
			name = Release;
		};
		840FD7EA211C2C7600584C6C /* Debug */ = {
			isa = XCBuildConfiguration;
			baseConfigurationReference = D5EB979B28AC8BCCEBB45718 /* Pods-EventViewer.debug.xcconfig */;
			buildSettings = {
				ASSETCATALOG_COMPILER_APPICON_NAME = AppIcon;
				CODE_SIGN_STYLE = Automatic;
				DEVELOPMENT_TEAM = KHRD8446CX;
				INFOPLIST_FILE = EventViewer/Info.plist;
				LD_RUNPATH_SEARCH_PATHS = (
					"$(inherited)",
					"@executable_path/Frameworks",
				);
				PRODUCT_BUNDLE_IDENTIFIER = com.magiclampgames.EventViewer;
				PRODUCT_NAME = "$(TARGET_NAME)";
				SWIFT_VERSION = 4.0;
				TARGETED_DEVICE_FAMILY = "1,2";
			};
			name = Debug;
		};
		840FD7EB211C2C7600584C6C /* Release */ = {
			isa = XCBuildConfiguration;
			baseConfigurationReference = 7BE986307240591794EFD30A /* Pods-EventViewer.release.xcconfig */;
			buildSettings = {
				ASSETCATALOG_COMPILER_APPICON_NAME = AppIcon;
				CODE_SIGN_STYLE = Automatic;
				DEVELOPMENT_TEAM = KHRD8446CX;
				INFOPLIST_FILE = EventViewer/Info.plist;
				LD_RUNPATH_SEARCH_PATHS = (
					"$(inherited)",
					"@executable_path/Frameworks",
				);
				PRODUCT_BUNDLE_IDENTIFIER = com.magiclampgames.EventViewer;
				PRODUCT_NAME = "$(TARGET_NAME)";
				SWIFT_VERSION = 4.0;
				TARGETED_DEVICE_FAMILY = "1,2";
			};
			name = Release;
		};
		840FD7ED211C2C7600584C6C /* Debug */ = {
			isa = XCBuildConfiguration;
			baseConfigurationReference = 642AF3CF949830C51CDD0FC2 /* Pods-EventViewerTests.debug.xcconfig */;
			buildSettings = {
				ALWAYS_EMBED_SWIFT_STANDARD_LIBRARIES = YES;
				BUNDLE_LOADER = "$(TEST_HOST)";
				CODE_SIGN_STYLE = Automatic;
				DEVELOPMENT_TEAM = KHRD8446CX;
				INFOPLIST_FILE = EventViewerTests/Info.plist;
				LD_RUNPATH_SEARCH_PATHS = (
					"$(inherited)",
					"@executable_path/Frameworks",
					"@loader_path/Frameworks",
				);
				PRODUCT_BUNDLE_IDENTIFIER = com.magiclampgames.EventViewerTests;
				PRODUCT_NAME = "$(TARGET_NAME)";
				SWIFT_VERSION = 4.0;
				TARGETED_DEVICE_FAMILY = "1,2";
				TEST_HOST = "$(BUILT_PRODUCTS_DIR)/EventViewer.app/EventViewer";
			};
			name = Debug;
		};
		840FD7EE211C2C7600584C6C /* Release */ = {
			isa = XCBuildConfiguration;
			baseConfigurationReference = 17FB889EE1FE7396638B4541 /* Pods-EventViewerTests.release.xcconfig */;
			buildSettings = {
				ALWAYS_EMBED_SWIFT_STANDARD_LIBRARIES = YES;
				BUNDLE_LOADER = "$(TEST_HOST)";
				CODE_SIGN_STYLE = Automatic;
				DEVELOPMENT_TEAM = KHRD8446CX;
				INFOPLIST_FILE = EventViewerTests/Info.plist;
				LD_RUNPATH_SEARCH_PATHS = (
					"$(inherited)",
					"@executable_path/Frameworks",
					"@loader_path/Frameworks",
				);
				PRODUCT_BUNDLE_IDENTIFIER = com.magiclampgames.EventViewerTests;
				PRODUCT_NAME = "$(TARGET_NAME)";
				SWIFT_VERSION = 4.0;
				TARGETED_DEVICE_FAMILY = "1,2";
				TEST_HOST = "$(BUILT_PRODUCTS_DIR)/EventViewer.app/EventViewer";
			};
			name = Release;
		};
		840FD7F0211C2C7600584C6C /* Debug */ = {
			isa = XCBuildConfiguration;
			baseConfigurationReference = DCE888CF2B3D82ED14469F32 /* Pods-EventViewerUITests.debug.xcconfig */;
			buildSettings = {
				ALWAYS_EMBED_SWIFT_STANDARD_LIBRARIES = YES;
				CODE_SIGN_STYLE = Automatic;
				DEVELOPMENT_TEAM = KHRD8446CX;
				INFOPLIST_FILE = EventViewerUITests/Info.plist;
				LD_RUNPATH_SEARCH_PATHS = (
					"$(inherited)",
					"@executable_path/Frameworks",
					"@loader_path/Frameworks",
				);
				PRODUCT_BUNDLE_IDENTIFIER = com.magiclampgames.EventViewerUITests;
				PRODUCT_NAME = "$(TARGET_NAME)";
				SWIFT_VERSION = 4.0;
				TARGETED_DEVICE_FAMILY = "1,2";
				TEST_TARGET_NAME = EventViewer;
			};
			name = Debug;
		};
		840FD7F1211C2C7600584C6C /* Release */ = {
			isa = XCBuildConfiguration;
			baseConfigurationReference = 921D66921C8D05CF418379CA /* Pods-EventViewerUITests.release.xcconfig */;
			buildSettings = {
				ALWAYS_EMBED_SWIFT_STANDARD_LIBRARIES = YES;
				CODE_SIGN_STYLE = Automatic;
				DEVELOPMENT_TEAM = KHRD8446CX;
				INFOPLIST_FILE = EventViewerUITests/Info.plist;
				LD_RUNPATH_SEARCH_PATHS = (
					"$(inherited)",
					"@executable_path/Frameworks",
					"@loader_path/Frameworks",
				);
				PRODUCT_BUNDLE_IDENTIFIER = com.magiclampgames.EventViewerUITests;
				PRODUCT_NAME = "$(TARGET_NAME)";
				SWIFT_VERSION = 4.0;
				TARGETED_DEVICE_FAMILY = "1,2";
				TEST_TARGET_NAME = EventViewer;
			};
			name = Release;
		};
/* End XCBuildConfiguration section */

/* Begin XCConfigurationList section */
		840FD7B9211C2C7400584C6C /* Build configuration list for PBXProject "EventViewer" */ = {
			isa = XCConfigurationList;
			buildConfigurations = (
				840FD7E7211C2C7600584C6C /* Debug */,
				840FD7E8211C2C7600584C6C /* Release */,
			);
			defaultConfigurationIsVisible = 0;
			defaultConfigurationName = Release;
		};
		840FD7E9211C2C7600584C6C /* Build configuration list for PBXNativeTarget "EventViewer" */ = {
			isa = XCConfigurationList;
			buildConfigurations = (
				840FD7EA211C2C7600584C6C /* Debug */,
				840FD7EB211C2C7600584C6C /* Release */,
			);
			defaultConfigurationIsVisible = 0;
			defaultConfigurationName = Release;
		};
		840FD7EC211C2C7600584C6C /* Build configuration list for PBXNativeTarget "EventViewerTests" */ = {
			isa = XCConfigurationList;
			buildConfigurations = (
				840FD7ED211C2C7600584C6C /* Debug */,
				840FD7EE211C2C7600584C6C /* Release */,
			);
			defaultConfigurationIsVisible = 0;
			defaultConfigurationName = Release;
		};
		840FD7EF211C2C7600584C6C /* Build configuration list for PBXNativeTarget "EventViewerUITests" */ = {
			isa = XCConfigurationList;
			buildConfigurations = (
				840FD7F0211C2C7600584C6C /* Debug */,
				840FD7F1211C2C7600584C6C /* Release */,
			);
			defaultConfigurationIsVisible = 0;
			defaultConfigurationName = Release;
		};
/* End XCConfigurationList section */

/* Begin XCVersionGroup section */
		840FD7C8211C2C7400584C6C /* EventViewer.xcdatamodeld */ = {
			isa = XCVersionGroup;
			children = (
				840FD7C9211C2C7400584C6C /* EventViewer.xcdatamodel */,
			);
			currentVersion = 840FD7C9211C2C7400584C6C /* EventViewer.xcdatamodel */;
			path = EventViewer.xcdatamodeld;
			sourceTree = "<group>";
			versionGroupType = wrapper.xcdatamodel;
		};
/* End XCVersionGroup section */
	};
	rootObject = 840FD7B6211C2C7400584C6C /* Project object */;
}
